
Microsoft Visual Studio Solution File, Format Version 12.00
# Visual Studio 15
VisualStudioVersion = 15.0.27428.2005
MinimumVisualStudioVersion = 10.0.40219.1
Project("{FAE04EC0-301F-11D3-BF4B-00C04F79EFBC}") = "BowlingKata", "BowlingKata\BowlingKata.csproj", "{B1ED18A8-7591-4C59-BD08-8C2AF2480D17}"
EndProject
Global
	GlobalSection(SolutionConfigurationPlatforms) = preSolution
		Debug|Any CPU = Debug|Any CPU
		Release|Any CPU = Release|Any CPU
	EndGlobalSection
	GlobalSection(ProjectConfigurationPlatforms) = postSolution
		{B1ED18A8-7591-4C59-BD08-8C2AF2480D17}.Debug|Any CPU.ActiveCfg = Debug|Any CPU
		{B1ED18A8-7591-4C59-BD08-8C2AF2480D17}.Debug|Any CPU.Build.0 = Debug|Any CPU
		{B1ED18A8-7591-4C59-BD08-8C2AF2480D17}.Release|Any CPU.ActiveCfg = Release|Any CPU
		{B1ED18A8-7591-4C59-BD08-8C2AF2480D17}.Release|Any CPU.Build.0 = Release|Any CPU
	EndGlobalSection
	GlobalSection(SolutionProperties) = preSolution
		HideSolutionNode = FALSE
	EndGlobalSection
	GlobalSection(ExtensibilityGlobals) = postSolution
		SolutionGuid = {A488DA4D-2361-4823-9909-3A2A05E03B4D}
	EndGlobalSection
EndGlobal
